<?xml version="1.0" encoding="utf-8"?>
<Project ToolsVersion="4.0" xmlns="http://schemas.microsoft.com/developer/msbuild/2003">
  <ItemGroup>
    <Filter Include="Source Files">
      <UniqueIdentifier>{4FC737F1-C7A5-4376-A066-2A32D752A2FF}</UniqueIdentifier>
      <Extensions>cpp;c;cc;cxx;c++;cppm;ixx;def;odl;idl;hpj;bat;asm;asmx</Extensions>
    </Filter>
    <Filter Include="Resource Files">
      <UniqueIdentifier>{67DA6AB6-F800-4c08-8B7A-83BB121AAD01}</UniqueIdentifier>
      <Extensions>rc;ico;cur;bmp;dlg;rc2;rct;bin;rgs;gif;jpg;jpeg;jpe;resx;tiff;tif;png;wav;mfcribbon-ms</Extensions>
    </Filter>
    <Filter Include="Source Files\entities">
      <UniqueIdentifier>{6067a4a5-bb5c-4631-960d-cf63af8ea694}</UniqueIdentifier>
    </Filter>
    <Filter Include="Source Files\base">
      <UniqueIdentifier>{59675c88-cc49-4fd7-b07d-81143a1f7f51}</UniqueIdentifier>
    </Filter>
    <Filter Include="Resource Files\backgrounds">
      <UniqueIdentifier>{a936326b-bc90-4deb-8c7f-fa63f2129445}</UniqueIdentifier>
    </Filter>
    <Filter Include="Resource Files\characters">
      <UniqueIdentifier>{dc599a30-4a79-45da-8714-3e3129f9e1eb}</UniqueIdentifier>
    </Filter>
    <Filter Include="Resource Files\others">
      <UniqueIdentifier>{6ec3461c-59e6-4643-a7ca-0ff1cb8d3aeb}</UniqueIdentifier>
    </Filter>
    <Filter Include="Source Files\window">
      <UniqueIdentifier>{6f9fc11e-28eb-4cd2-9211-5373e81bc305}</UniqueIdentifier>
    </Filter>
  </ItemGroup>
  <ItemGroup>
    <ClCompile Include="Main.cpp">
      <Filter>Source Files</Filter>
    </ClCompile>
    <ClCompile Include="entities\Line.cpp">
      <Filter>Source Files\entities</Filter>
    </ClCompile>
    <ClCompile Include="entities\Texture.cpp">
      <Filter>Source Files\entities</Filter>
    </ClCompile>
    <ClCompile Include="entities\Entity.cpp">
      <Filter>Source Files\entities</Filter>
    </ClCompile>
    <ClCompile Include="base\Logger.cpp">
      <Filter>Source Files\base</Filter>
    </ClCompile>
    <ClCompile Include="window\Scene.cpp">
      <Filter>Source Files\window</Filter>
    </ClCompile>
    <ClCompile Include="window\WindowRenderer.cpp">
      <Filter>Source Files\window</Filter>
    </ClCompile>
    <ClCompile Include="window\WindowSyncer.cpp">
      <Filter>Source Files\window</Filter>
    </ClCompile>
    <ClCompile Include="base\Mouse.cpp">
      <Filter>Source Files\base</Filter>
    </ClCompile>
    <ClCompile Include="base\InputCentral.cpp">
      <Filter>Source Files\base</Filter>
    </ClCompile>
    <ClCompile Include="entities\Button.cpp">
      <Filter>Source Files\entities</Filter>
    </ClCompile>
    <ClCompile Include="entities\Label.cpp">
      <Filter>Source Files\entities</Filter>
    </ClCompile>
  </ItemGroup>
  <ItemGroup>
    <ClInclude Include="entities\Entity.hpp">
      <Filter>Source Files\entities</Filter>
    </ClInclude>
    <ClInclude Include="entities\Line.hpp">
      <Filter>Source Files\entities</Filter>
    </ClInclude>
    <ClInclude Include="entities\Texture.hpp">
      <Filter>Source Files\entities</Filter>
    </ClInclude>
    <ClInclude Include="base\Logger.hpp">
      <Filter>Source Files\base</Filter>
    </ClInclude>
    <ClInclude Include="base\TextureLoader.hpp">
      <Filter>Source Files\base</Filter>
    </ClInclude>
    <ClInclude Include="base\Utils.hpp">
      <Filter>Source Files\base</Filter>
    </ClInclude>
    <ClInclude Include="base\Field.hpp">
      <Filter>Source Files\base</Filter>
    </ClInclude>
    <ClInclude Include="window\Scene.hpp">
      <Filter>Source Files\window</Filter>
    </ClInclude>
    <ClInclude Include="window\WindowRenderer.hpp">
      <Filter>Source Files\window</Filter>
    </ClInclude>
    <ClInclude Include="window\WindowSyncer.hpp">
      <Filter>Source Files\window</Filter>
    </ClInclude>
    <ClInclude Include="base\Mouse.hpp">
      <Filter>Source Files\base</Filter>
    </ClInclude>
    <ClInclude Include="base\InputCentral.hpp">
      <Filter>Source Files\base</Filter>
    </ClInclude>
    <ClInclude Include="entities\Button.hpp">
      <Filter>Source Files\entities</Filter>
    </ClInclude>
    <ClInclude Include="entities\Label.hpp">
      <Filter>Source Files\entities</Filter>
    </ClInclude>
  </ItemGroup>
  <ItemGroup>
    <Image Include="resources\backgrounds\table.png">
      <Filter>Resource Files\backgrounds</Filter>
    </Image>
    <Image Include="resources\characters\girl.png">
      <Filter>Resource Files\characters</Filter>
    </Image>
    <Image Include="resources\others\balls.png">
      <Filter>Resource Files\others</Filter>
    </Image>
    <Image Include="resources\others\cursor.png">
      <Filter>Resource Files\others</Filter>
    </Image>
  </ItemGroup>
</Project>